
Microsoft Visual Studio Solution File, Format Version 12.00
Project("{2150E333-8FDC-42A3-9474-1A3956D46DE8}") = "Exercicio#1", "Exercicio#1", "{B37F72D9-82D9-45C8-8B95-C7C8D86B7E92}"
EndProject
Project("{FAE04EC0-301F-11D3-BF4B-00C04F79EFBC}") = "Exercicio_1", "Exercicio_1\Exercicio_1.csproj", "{F3E64EF3-0CC7-451E-A6EB-83AA642BFFFA}"
EndProject
Project("{2150E333-8FDC-42A3-9474-1A3956D46DE8}") = "Exercicio#2", "Exercicio#2", "{BD037283-A720-42FA-AF84-CACE8CEAC4B8}"
EndProject
Project("{FAE04EC0-301F-11D3-BF4B-00C04F79EFBC}") = "Exercicio_2", "Exercicio_2\Exercicio_2.csproj", "{8676A714-19A8-4DC3-BB95-E758675EE269}"
EndProject
Project("{2150E333-8FDC-42A3-9474-1A3956D46DE8}") = "Exercicio#3", "Exercicio#3", "{64757AF8-D3F2-411B-9C59-B44BFF3BA656}"
EndProject
Project("{FAE04EC0-301F-11D3-BF4B-00C04F79EFBC}") = "Exercicio_3", "Exercicio_3\Exercicio_3.csproj", "{5137A91F-336D-4864-8486-41643BE3A083}"
EndProject
Project("{2150E333-8FDC-42A3-9474-1A3956D46DE8}") = "Exercicio#4", "Exercicio#4", "{1DCB48DA-692A-4B2E-8B52-D545D547DC77}"
EndProject
Project("{2150E333-8FDC-42A3-9474-1A3956D46DE8}") = "Api", "Api", "{15FB3532-3D78-428F-923A-AB51FAF8BC3A}"
EndProject
Project("{2150E333-8FDC-42A3-9474-1A3956D46DE8}") = "Application", "Application", "{38BFFE2E-F78E-4671-BD07-0F162903E4FC}"
EndProject
Project("{2150E333-8FDC-42A3-9474-1A3956D46DE8}") = "Infrastructure", "Infrastructure", "{53197564-EF5F-4690-A242-CD3E012D28AE}"
EndProject
Project("{2150E333-8FDC-42A3-9474-1A3956D46DE8}") = "Domain", "Domain", "{4DF63CD5-79F3-408D-8547-115CFFA92B85}"
EndProject
Project("{2150E333-8FDC-42A3-9474-1A3956D46DE8}") = "src", "src", "{6F7A92C9-098E-48CF-8EC5-608CD838444F}"
EndProject
Project("{FAE04EC0-301F-11D3-BF4B-00C04F79EFBC}") = "Exercicio4.Api", "Exercicio_4\src\Exercicio4.Api\Exercicio4.Api.csproj", "{DE1A93C1-DC7C-4570-946D-6D42A43B337B}"
EndProject
Project("{FAE04EC0-301F-11D3-BF4B-00C04F79EFBC}") = "Exercicio4.Application", "Exercicio_4\src\Exercicio4.Application\Exercicio4.Application.csproj", "{48004A0B-BF41-41CC-8DE4-7033B238BEBF}"
EndProject
Project("{FAE04EC0-301F-11D3-BF4B-00C04F79EFBC}") = "Exercicio4.Domain", "Exercicio_4\src\Exercicio4.Domain\Exercicio4.Domain.csproj", "{608B9C31-B5AC-4C75-A1BF-C59A651F9B94}"
EndProject
Project("{FAE04EC0-301F-11D3-BF4B-00C04F79EFBC}") = "Exercicio4.Infrastructure", "Exercicio_4\src\Exercicio4.Infrastructure\Exercicio4.Infrastructure.csproj", "{92D32821-654B-44B9-A0B8-CC0239E98549}"
EndProject
Project("{2150E333-8FDC-42A3-9474-1A3956D46DE8}") = "test", "test", "{B6D4CE78-37A9-438C-8DD8-42E999D8D97A}"
EndProject
Project("{FAE04EC0-301F-11D3-BF4B-00C04F79EFBC}") = "Exercicio4.Test", "Exercicio_4\test\Exercicio4.Test\Exercicio4.Test.csproj", "{6ECF43A8-A051-48BD-85F4-88C84625CBD0}"
EndProject
Global
	GlobalSection(SolutionConfigurationPlatforms) = preSolution
		Debug|Any CPU = Debug|Any CPU
		Release|Any CPU = Release|Any CPU
	EndGlobalSection
	GlobalSection(ProjectConfigurationPlatforms) = postSolution
		{F3E64EF3-0CC7-451E-A6EB-83AA642BFFFA}.Debug|Any CPU.ActiveCfg = Debug|Any CPU
		{F3E64EF3-0CC7-451E-A6EB-83AA642BFFFA}.Debug|Any CPU.Build.0 = Debug|Any CPU
		{F3E64EF3-0CC7-451E-A6EB-83AA642BFFFA}.Release|Any CPU.ActiveCfg = Release|Any CPU
		{F3E64EF3-0CC7-451E-A6EB-83AA642BFFFA}.Release|Any CPU.Build.0 = Release|Any CPU
		{8676A714-19A8-4DC3-BB95-E758675EE269}.Debug|Any CPU.ActiveCfg = Debug|Any CPU
		{8676A714-19A8-4DC3-BB95-E758675EE269}.Debug|Any CPU.Build.0 = Debug|Any CPU
		{8676A714-19A8-4DC3-BB95-E758675EE269}.Release|Any CPU.ActiveCfg = Release|Any CPU
		{8676A714-19A8-4DC3-BB95-E758675EE269}.Release|Any CPU.Build.0 = Release|Any CPU
		{5137A91F-336D-4864-8486-41643BE3A083}.Debug|Any CPU.ActiveCfg = Debug|Any CPU
		{5137A91F-336D-4864-8486-41643BE3A083}.Debug|Any CPU.Build.0 = Debug|Any CPU
		{5137A91F-336D-4864-8486-41643BE3A083}.Release|Any CPU.ActiveCfg = Release|Any CPU
		{5137A91F-336D-4864-8486-41643BE3A083}.Release|Any CPU.Build.0 = Release|Any CPU
		{DE1A93C1-DC7C-4570-946D-6D42A43B337B}.Debug|Any CPU.ActiveCfg = Debug|Any CPU
		{DE1A93C1-DC7C-4570-946D-6D42A43B337B}.Debug|Any CPU.Build.0 = Debug|Any CPU
		{DE1A93C1-DC7C-4570-946D-6D42A43B337B}.Release|Any CPU.ActiveCfg = Release|Any CPU
		{DE1A93C1-DC7C-4570-946D-6D42A43B337B}.Release|Any CPU.Build.0 = Release|Any CPU
		{48004A0B-BF41-41CC-8DE4-7033B238BEBF}.Debug|Any CPU.ActiveCfg = Debug|Any CPU
		{48004A0B-BF41-41CC-8DE4-7033B238BEBF}.Debug|Any CPU.Build.0 = Debug|Any CPU
		{48004A0B-BF41-41CC-8DE4-7033B238BEBF}.Release|Any CPU.ActiveCfg = Release|Any CPU
		{48004A0B-BF41-41CC-8DE4-7033B238BEBF}.Release|Any CPU.Build.0 = Release|Any CPU
		{608B9C31-B5AC-4C75-A1BF-C59A651F9B94}.Debug|Any CPU.ActiveCfg = Debug|Any CPU
		{608B9C31-B5AC-4C75-A1BF-C59A651F9B94}.Debug|Any CPU.Build.0 = Debug|Any CPU
		{608B9C31-B5AC-4C75-A1BF-C59A651F9B94}.Release|Any CPU.ActiveCfg = Release|Any CPU
		{608B9C31-B5AC-4C75-A1BF-C59A651F9B94}.Release|Any CPU.Build.0 = Release|Any CPU
		{92D32821-654B-44B9-A0B8-CC0239E98549}.Debug|Any CPU.ActiveCfg = Debug|Any CPU
		{92D32821-654B-44B9-A0B8-CC0239E98549}.Debug|Any CPU.Build.0 = Debug|Any CPU
		{92D32821-654B-44B9-A0B8-CC0239E98549}.Release|Any CPU.ActiveCfg = Release|Any CPU
		{92D32821-654B-44B9-A0B8-CC0239E98549}.Release|Any CPU.Build.0 = Release|Any CPU
		{6ECF43A8-A051-48BD-85F4-88C84625CBD0}.Debug|Any CPU.ActiveCfg = Debug|Any CPU
		{6ECF43A8-A051-48BD-85F4-88C84625CBD0}.Debug|Any CPU.Build.0 = Debug|Any CPU
		{6ECF43A8-A051-48BD-85F4-88C84625CBD0}.Release|Any CPU.ActiveCfg = Release|Any CPU
		{6ECF43A8-A051-48BD-85F4-88C84625CBD0}.Release|Any CPU.Build.0 = Release|Any CPU
	EndGlobalSection
	GlobalSection(NestedProjects) = preSolution
		{F3E64EF3-0CC7-451E-A6EB-83AA642BFFFA} = {B37F72D9-82D9-45C8-8B95-C7C8D86B7E92}
		{8676A714-19A8-4DC3-BB95-E758675EE269} = {BD037283-A720-42FA-AF84-CACE8CEAC4B8}
		{5137A91F-336D-4864-8486-41643BE3A083} = {64757AF8-D3F2-411B-9C59-B44BFF3BA656}
		{6F7A92C9-098E-48CF-8EC5-608CD838444F} = {1DCB48DA-692A-4B2E-8B52-D545D547DC77}
		{15FB3532-3D78-428F-923A-AB51FAF8BC3A} = {6F7A92C9-098E-48CF-8EC5-608CD838444F}
		{53197564-EF5F-4690-A242-CD3E012D28AE} = {6F7A92C9-098E-48CF-8EC5-608CD838444F}
		{4DF63CD5-79F3-408D-8547-115CFFA92B85} = {6F7A92C9-098E-48CF-8EC5-608CD838444F}
		{38BFFE2E-F78E-4671-BD07-0F162903E4FC} = {6F7A92C9-098E-48CF-8EC5-608CD838444F}
		{DE1A93C1-DC7C-4570-946D-6D42A43B337B} = {15FB3532-3D78-428F-923A-AB51FAF8BC3A}
		{48004A0B-BF41-41CC-8DE4-7033B238BEBF} = {38BFFE2E-F78E-4671-BD07-0F162903E4FC}
		{608B9C31-B5AC-4C75-A1BF-C59A651F9B94} = {4DF63CD5-79F3-408D-8547-115CFFA92B85}
		{92D32821-654B-44B9-A0B8-CC0239E98549} = {53197564-EF5F-4690-A242-CD3E012D28AE}
		{B6D4CE78-37A9-438C-8DD8-42E999D8D97A} = {1DCB48DA-692A-4B2E-8B52-D545D547DC77}
		{6ECF43A8-A051-48BD-85F4-88C84625CBD0} = {B6D4CE78-37A9-438C-8DD8-42E999D8D97A}
	EndGlobalSection
EndGlobal
